
Microsoft Visual Studio Solution File, Format Version 12.00
# Visual Studio Version 17
VisualStudioVersion = 17.6.33829.357
MinimumVisualStudioVersion = 10.0.40219.1
Project("{FAE04EC0-301F-11D3-BF4B-00C04F79EFBC}") = "ISAD-PROJECT1", "ISAD-PROJECT1\ISAD-PROJECT1.csproj", "{962F925F-B9D6-40F4-AA74-B61BAD9A30AB}"
EndProject
Global
	GlobalSection(SolutionConfigurationPlatforms) = preSolution
		Debug|Any CPU = Debug|Any CPU
		Release|Any CPU = Release|Any CPU
	EndGlobalSection
	GlobalSection(ProjectConfigurationPlatforms) = postSolution
		{962F925F-B9D6-40F4-AA74-B61BAD9A30AB}.Debug|Any CPU.ActiveCfg = Debug|Any CPU
		{962F925F-B9D6-40F4-AA74-B61BAD9A30AB}.Debug|Any CPU.Build.0 = Debug|Any CPU
		{962F925F-B9D6-40F4-AA74-B61BAD9A30AB}.Release|Any CPU.ActiveCfg = Release|Any CPU
		{962F925F-B9D6-40F4-AA74-B61BAD9A30AB}.Release|Any CPU.Build.0 = Release|Any CPU
	EndGlobalSection
	GlobalSection(SolutionProperties) = preSolution
		HideSolutionNode = FALSE
	EndGlobalSection
	GlobalSection(ExtensibilityGlobals) = postSolution
		SolutionGuid = {E0C5299B-8D4B-458B-80D9-E12A61A2D239}
	EndGlobalSection
EndGlobal
